
Microsoft Visual Studio Solution File, Format Version 12.00
# Visual Studio Version 16
VisualStudioVersion = 16.0.31624.102
MinimumVisualStudioVersion = 10.0.40219.1
Project("{FAE04EC0-301F-11D3-BF4B-00C04F79EFBC}") = "FinalProjectContemporaryProgramming", "FinalProjectContemporaryProgramming\FinalProjectContemporaryProgramming.csproj", "{CF0A217F-3A2F-4478-9A4B-96B1D145878A}"
EndProject
Global
	GlobalSection(SolutionConfigurationPlatforms) = preSolution
		Debug|Any CPU = Debug|Any CPU
		Release|Any CPU = Release|Any CPU
	EndGlobalSection
	GlobalSection(ProjectConfigurationPlatforms) = postSolution
		{CF0A217F-3A2F-4478-9A4B-96B1D145878A}.Debug|Any CPU.ActiveCfg = Debug|Any CPU
		{CF0A217F-3A2F-4478-9A4B-96B1D145878A}.Debug|Any CPU.Build.0 = Debug|Any CPU
		{CF0A217F-3A2F-4478-9A4B-96B1D145878A}.Release|Any CPU.ActiveCfg = Release|Any CPU
		{CF0A217F-3A2F-4478-9A4B-96B1D145878A}.Release|Any CPU.Build.0 = Release|Any CPU
	EndGlobalSection
	GlobalSection(SolutionProperties) = preSolution
		HideSolutionNode = FALSE
	EndGlobalSection
	GlobalSection(ExtensibilityGlobals) = postSolution
		SolutionGuid = {4F0A5923-3546-466D-B7C3-0085A5BB05DB}
	EndGlobalSection
EndGlobal
